
Microsoft Visual Studio Solution File, Format Version 12.00
# Visual Studio 15
VisualStudioVersion = 15.0.27703.2042
MinimumVisualStudioVersion = 10.0.40219.1
Project("{FAE04EC0-301F-11D3-BF4B-00C04F79EFBC}") = "AzurePoc.Web", "AzurePoc.Web\AzurePoc.Web.csproj", "{C1D14218-027D-4C46-B524-09879875D6B3}"
EndProject
Project("{2150E333-8FDC-42A3-9474-1A3956D46DE8}") = "ref", "ref", "{4A7ECF00-A70E-49A7-AE1A-0BCC84107BB6}"
	ProjectSection(SolutionItems) = preProject
		Ref\Azure Poc.docx = Ref\Azure Poc.docx
	EndProjectSection
EndProject
Project("{FAE04EC0-301F-11D3-BF4B-00C04F79EFBC}") = "AzureClients", "ServiceBusClient\AzureClients.csproj", "{98D8705B-5C24-473C-9D9B-DFD0929DFDBE}"
EndProject
Project("{151D2E53-A2C4-4D7D-83FE-D05416EBD58E}") = "ARM", "ARM\ARM.deployproj", "{217FB5D6-E00B-4E1E-9BCE-83423EC5BCF1}"
EndProject
Global
	GlobalSection(SolutionConfigurationPlatforms) = preSolution
		Debug|Any CPU = Debug|Any CPU
		Release|Any CPU = Release|Any CPU
	EndGlobalSection
	GlobalSection(ProjectConfigurationPlatforms) = postSolution
		{C1D14218-027D-4C46-B524-09879875D6B3}.Debug|Any CPU.ActiveCfg = Debug|Any CPU
		{C1D14218-027D-4C46-B524-09879875D6B3}.Debug|Any CPU.Build.0 = Debug|Any CPU
		{C1D14218-027D-4C46-B524-09879875D6B3}.Release|Any CPU.ActiveCfg = Release|Any CPU
		{C1D14218-027D-4C46-B524-09879875D6B3}.Release|Any CPU.Build.0 = Release|Any CPU
		{98D8705B-5C24-473C-9D9B-DFD0929DFDBE}.Debug|Any CPU.ActiveCfg = Debug|Any CPU
		{98D8705B-5C24-473C-9D9B-DFD0929DFDBE}.Debug|Any CPU.Build.0 = Debug|Any CPU
		{98D8705B-5C24-473C-9D9B-DFD0929DFDBE}.Release|Any CPU.ActiveCfg = Release|Any CPU
		{98D8705B-5C24-473C-9D9B-DFD0929DFDBE}.Release|Any CPU.Build.0 = Release|Any CPU
		{217FB5D6-E00B-4E1E-9BCE-83423EC5BCF1}.Debug|Any CPU.ActiveCfg = Debug|Any CPU
		{217FB5D6-E00B-4E1E-9BCE-83423EC5BCF1}.Debug|Any CPU.Build.0 = Debug|Any CPU
		{217FB5D6-E00B-4E1E-9BCE-83423EC5BCF1}.Release|Any CPU.ActiveCfg = Release|Any CPU
		{217FB5D6-E00B-4E1E-9BCE-83423EC5BCF1}.Release|Any CPU.Build.0 = Release|Any CPU
	EndGlobalSection
	GlobalSection(SolutionProperties) = preSolution
		HideSolutionNode = FALSE
	EndGlobalSection
	GlobalSection(ExtensibilityGlobals) = postSolution
		SolutionGuid = {2B5363DC-1214-48C4-A484-6860367A7A7F}
	EndGlobalSection
EndGlobal
